// !$*UTF8*$!
{
	archiveVersion = 1;
	classes = {
	};
	objectVersion = 46;
	objects = {

/* Begin PBXBuildFile section */
		DD3E87091D42FE8700EBF448 /* AppDelegate.swift in Sources */ = {isa = PBXBuildFile; fileRef = DD3E87081D42FE8700EBF448 /* AppDelegate.swift */; };
		DD3E870B1D42FE8700EBF448 /* ViewController.swift in Sources */ = {isa = PBXBuildFile; fileRef = DD3E870A1D42FE8700EBF448 /* ViewController.swift */; };
		DD3E870E1D42FE8700EBF448 /* Main.storyboard in Resources */ = {isa = PBXBuildFile; fileRef = DD3E870C1D42FE8700EBF448 /* Main.storyboard */; };
		DD3E87101D42FE8700EBF448 /* Assets.xcassets in Resources */ = {isa = PBXBuildFile; fileRef = DD3E870F1D42FE8700EBF448 /* Assets.xcassets */; };
		DD3E87131D42FE8700EBF448 /* LaunchScreen.storyboard in Resources */ = {isa = PBXBuildFile; fileRef = DD3E87111D42FE8700EBF448 /* LaunchScreen.storyboard */; };
/* End PBXBuildFile section */

/* Begin PBXFileReference section */
		DD3E87051D42FE8600EBF448 /* gitdemo.app */ = {isa = PBXFileReference; explicitFileType = wrapper.application; includeInIndex = 0; path = gitdemo.app; sourceTree = BUILT_PRODUCTS_DIR; };
		DD3E87081D42FE8700EBF448 /* AppDelegate.swift */ = {isa = PBXFileReference; lastKnownFileType = sourcecode.swift; path = AppDelegate.swift; sourceTree = "<group>"; };
		DD3E870A1D42FE8700EBF448 /* ViewController.swift */ = {isa = PBXFileReference; lastKnownFileType = sourcecode.swift; path = ViewController.swift; sourceTree = "<group>"; };
		DD3E870D1D42FE8700EBF448 /* Base */ = {isa = PBXFileReference; lastKnownFileType = file.storyboard; name = Base; path = Base.lproj/Main.storyboard; sourceTree = "<group>"; };
		DD3E870F1D42FE8700EBF448 /* Assets.xcassets */ = {isa = PBXFileReference; lastKnownFileType = folder.assetcatalog; path = Assets.xcassets; sourceTree = "<group>"; };
		DD3E87121D42FE8700EBF448 /* Base */ = {isa = PBXFileReference; lastKnownFileType = file.storyboard; name = Base; path = Base.lproj/LaunchScreen.storyboard; sourceTree = "<group>"; };
		DD3E87141D42FE8700EBF448 /* Info.plist */ = {isa = PBXFileReference; lastKnownFileType = text.plist.xml; path = Info.plist; sourceTree = "<group>"; };
/* End PBXFileReference section */

/* Begin PBXFrameworksBuildPhase section */
		DD3E87021D42FE8600EBF448 /* Frameworks */ = {
			isa = PBXFrameworksBuildPhase;
			buildActionMask = 2147483647;
			files = (
			);
			runOnlyForDeploymentPostprocessing = 0;
		};
/* End PBXFrameworksBuildPhase section */

/* Begin PBXGroup section */
		DD3E86FC1D42FE8600EBF448 = {
			isa = PBXGroup;
			children = (
				DD3E87071D42FE8700EBF448 /* gitdemo */,
				DD3E87061D42FE8600EBF448 /* Products */,
			);
			sourceTree = "<group>";
		};
		DD3E87061D42FE8600EBF448 /* Products */ = {
			isa = PBXGroup;
			children = (
				DD3E87051D42FE8600EBF448 /* gitdemo.app */,
			);
			name = Products;
			sourceTree = "<group>";
		};
		DD3E87071D42FE8700EBF448 /* gitdemo */ = {
			isa = PBXGroup;
			children = (
				DD3E87081D42FE8700EBF448 /* AppDelegate.swift */,
				DD3E870A1D42FE8700EBF448 /* ViewController.swift */,
				DD3E870C1D42FE8700EBF448 /* Main.storyboard */,
				DD3E870F1D42FE8700EBF448 /* Assets.xcassets */,
				DD3E87111D42FE8700EBF448 /* LaunchScreen.storyboard */,
				DD3E87141D42FE8700EBF448 /* Info.plist */,
			);
			path = gitdemo;
			sourceTree = "<group>";
		};
/* End PBXGroup section */

/* Begin PBXNativeTarget section */
		DD3E87041D42FE8600EBF448 /* gitdemo */ = {
			isa = PBXNativeTarget;
			buildConfigurationList = DD3E87171D42FE8700EBF448 /* Build configuration list for PBXNativeTarget "gitdemo" */;
			buildPhases = (
				DD3E87011D42FE8600EBF448 /* Sources */,
				DD3E87021D42FE8600EBF448 /* Frameworks */,
				DD3E87031D42FE8600EBF448 /* Resources */,
			);
			buildRules = (
			);
			dependencies = (
			);
			name = gitdemo;
			productName = gitdemo;
			productReference = DD3E87051D42FE8600EBF448 /* gitdemo.app */;
			productType = "com.apple.product-type.application";
		};
/* End PBXNativeTarget section */

/* Begin PBXProject section */
		DD3E86FD1D42FE8600EBF448 /* Project object */ = {
			isa = PBXProject;
			attributes = {
				LastSwiftUpdateCheck = 0730;
				LastUpgradeCheck = 0730;
				ORGANIZATIONNAME = "MD REZAUL KARIM";
				TargetAttributes = {
					DD3E87041D42FE8600EBF448 = {
						CreatedOnToolsVersion = 7.3.1;
					};
				};
			};
			buildConfigurationList = DD3E87001D42FE8600EBF448 /* Build configuration list for PBXProject "gitdemo" */;
			compatibilityVersion = "Xcode 3.2";
			developmentRegion = English;
			hasScannedForEncodings = 0;
			knownRegions = (
				en,
				Base,
			);
			mainGroup = DD3E86FC1D42FE8600EBF448;
			productRefGroup = DD3E87061D42FE8600EBF448 /* Products */;
			projectDirPath = "";
			projectRoot = "";
			targets = (
				DD3E87041D42FE8600EBF448 /* gitdemo */,
			);
		};
/* End PBXProject section */

/* Begin PBXResourcesBuildPhase section */
		DD3E87031D42FE8600EBF448 /* Resources */ = {
			isa = PBXResourcesBuildPhase;
			buildActionMask = 2147483647;
			files = (
				DD3E87131D42FE8700EBF448 /* LaunchScreen.storyboard in Resources */,
				DD3E87101D42FE8700EBF448 /* Assets.xcassets in Resources */,
				DD3E870E1D42FE8700EBF448 /* Main.storyboard in Resources */,
			);
			runOnlyForDeploymentPostprocessing = 0;
		};
/* End PBXResourcesBuildPhase section */

/* Begin PBXSourcesBuildPhase section */
		DD3E87011D42FE8600EBF448 /* Sources */ = {
			isa = PBXSourcesBuildPhase;
			buildActionMask = 2147483647;
			files = (
				DD3E870B1D42FE8700EBF448 /* ViewController.swift in Sources */,
				DD3E87091D42FE8700EBF448 /* AppDelegate.swift in Sources */,
			);
			runOnlyForDeploymentPostprocessing = 0;
		};
/* End PBXSourcesBuildPhase section */

/* Begin PBXVariantGroup section */
		DD3E870C1D42FE8700EBF448 /* Main.storyboard */ = {
			isa = PBXVariantGroup;
			children = (
				DD3E870D1D42FE8700EBF448 /* Base */,
			);
			name = Main.storyboard;
			sourceTree = "<group>";
		};
		DD3E87111D42FE8700EBF448 /* LaunchScreen.storyboard */ = {
			isa = PBXVariantGroup;
			children = (
				DD3E87121D42FE8700EBF448 /* Base */,
			);
			name = LaunchScreen.storyboard;
			sourceTree = "<group>";
		};
/* End PBXVariantGroup section */

/* Begin XCBuildConfiguration section */
		DD3E87151D42FE8700EBF448 /* Debug */ = {
			isa = XCBuildConfiguration;
			buildSettings = {
				ALWAYS_SEARCH_USER_PATHS = NO;
				CLANG_ANALYZER_NONNULL = YES;
				CLANG_CXX_LANGUAGE_STANDARD = "gnu++0x";
				CLANG_CXX_LIBRARY = "libc++";
				CLANG_ENABLE_MODULES = YES;
				CLANG_ENABLE_OBJC_ARC = YES;
				CLANG_WARN_BOOL_CONVERSION = YES;
				CLANG_WARN_CONSTANT_CONVERSION = YES;
				CLANG_WARN_DIRECT_OBJC_ISA_USAGE = YES_ERROR;
				CLANG_WARN_EMPTY_BODY = YES;
				CLANG_WARN_ENUM_CONVERSION = YES;
				CLANG_WARN_INT_CONVERSION = YES;
				CLANG_WARN_OBJC_ROOT_CLASS = YES_ERROR;
				CLANG_WARN_UNREACHABLE_CODE = YES;
				CLANG_WARN__DUPLICATE_METHOD_MATCH = YES;
				"CODE_SIGN_IDENTITY[sdk=iphoneos*]" = "iPhone Developer";
				COPY_PHASE_STRIP = NO;
				DEBUG_INFORMATION_FORMAT = dwarf;
				ENABLE_STRICT_OBJC_MSGSEND = YES;
				ENABLE_TESTABILITY = YES;
				GCC_C_LANGUAGE_STANDARD = gnu99;
				GCC_DYNAMIC_NO_PIC = NO;
				GCC_NO_COMMON_BLOCKS = YES;
				GCC_OPTIMIZATION_LEVEL = 0;
				GCC_PREPROCESSOR_DEFINITIONS = (
					"DEBUG=1",
					"$(inherited)",
				);
				GCC_WARN_64_TO_32_BIT_CONVERSION = YES;
				GCC_WARN_ABOUT_RETURN_TYPE = YES_ERROR;
				GCC_WARN_UNDECLARED_SELECTOR = YES;
				GCC_WARN_UNINITIALIZED_AUTOS = YES_AGGRESSIVE;
				GCC_WARN_UNUSED_FUNCTION = YES;
				GCC_WARN_UNUSED_VARIABLE = YES;
				IPHONEOS_DEPLOYMENT_TARGET = 9.3;
				MTL_ENABLE_DEBUG_INFO = YES;
				ONLY_ACTIVE_ARCH = YES;
				SDKROOT = iphoneos;
				SWIFT_OPTIMIZATION_LEVEL = "-Onone";
			};
			name = Debug;
		};
		DD3E87161D42FE8700EBF448 /* Release */ = {
			isa = XCBuildConfiguration;
			buildSettings = {
				ALWAYS_SEARCH_USER_PATHS = NO;
				CLANG_ANALYZER_NONNULL = YES;
				CLANG_CXX_LANGUAGE_STANDARD = "gnu++0x";
				CLANG_CXX_LIBRARY = "libc++";
				CLANG_ENABLE_MODULES = YES;
				CLANG_ENABLE_OBJC_ARC = YES;
				CLANG_WARN_BOOL_CONVERSION = YES;
				CLANG_WARN_CONSTANT_CONVERSION = YES;
				CLANG_WARN_DIRECT_OBJC_ISA_USAGE = YES_ERROR;
				CLANG_WARN_EMPTY_BODY = YES;
				CLANG_WARN_ENUM_CONVERSION = YES;
				CLANG_WARN_INT_CONVERSION = YES;
				CLANG_WARN_OBJC_ROOT_CLASS = YES_ERROR;
				CLANG_WARN_UNREACHABLE_CODE = YES;
				CLANG_WARN__DUPLICATE_METHOD_MATCH = YES;
				"CODE_SIGN_IDENTITY[sdk=iphoneos*]" = "iPhone Developer";
				COPY_PHASE_STRIP = NO;
				DEBUG_INFORMATION_FORMAT = "dwarf-with-dsym";
				ENABLE_NS_ASSERTIONS = NO;
				ENABLE_STRICT_OBJC_MSGSEND = YES;
				GCC_C_LANGUAGE_STANDARD = gnu99;
				GCC_NO_COMMON_BLOCKS = YES;
				GCC_WARN_64_TO_32_BIT_CONVERSION = YES;
				GCC_WARN_ABOUT_RETURN_TYPE = YES_ERROR;
				GCC_WARN_UNDECLARED_SELECTOR = YES;
				GCC_WARN_UNINITIALIZED_AUTOS = YES_AGGRESSIVE;
				GCC_WARN_UNUSED_FUNCTION = YES;
				GCC_WARN_UNUSED_VARIABLE = YES;
				IPHONEOS_DEPLOYMENT_TARGET = 9.3;
				MTL_ENABLE_DEBUG_INFO = NO;
				SDKROOT = iphoneos;
				VALIDATE_PRODUCT = YES;
			};
			name = Release;
		};
		DD3E87181D42FE8700EBF448 /* Debug */ = {
			isa = XCBuildConfiguration;
			buildSettings = {
				ASSETCATALOG_COMPILER_APPICON_NAME = AppIcon;
				INFOPLIST_FILE = gitdemo/Info.plist;
				LD_RUNPATH_SEARCH_PATHS = "$(inherited) @executable_path/Frameworks";
				PRODUCT_BUNDLE_IDENTIFIER = com.karim.gitdemo;
				PRODUCT_NAME = "$(TARGET_NAME)";
			};
			name = Debug;
		};
		DD3E87191D42FE8700EBF448 /* Release */ = {
			isa = XCBuildConfiguration;
			buildSettings = {
				ASSETCATALOG_COMPILER_APPICON_NAME = AppIcon;
				INFOPLIST_FILE = gitdemo/Info.plist;
				LD_RUNPATH_SEARCH_PATHS = "$(inherited) @executable_path/Frameworks";
				PRODUCT_BUNDLE_IDENTIFIER = com.karim.gitdemo;
				PRODUCT_NAME = "$(TARGET_NAME)";
			};
			name = Release;
		};
/* End XCBuildConfiguration section */

/* Begin XCConfigurationList section */
		DD3E87001D42FE8600EBF448 /* Build configuration list for PBXProject "gitdemo" */ = {
			isa = XCConfigurationList;
			buildConfigurations = (
				DD3E87151D42FE8700EBF448 /* Debug */,
				DD3E87161D42FE8700EBF448 /* Release */,
			);
			defaultConfigurationIsVisible = 0;
			defaultConfigurationName = Release;
		};
		DD3E87171D42FE8700EBF448 /* Build configuration list for PBXNativeTarget "gitdemo" */ = {
			isa = XCConfigurationList;
			buildConfigurations = (
				DD3E87181D42FE8700EBF448 /* Debug */,
				DD3E87191D42FE8700EBF448 /* Release */,
			);
			defaultConfigurationIsVisible = 0;
		};
/* End XCConfigurationList section */
	};
	rootObject = DD3E86FD1D42FE8600EBF448 /* Project object */;
}
